label: 'Bloque de la cesta de compra'
display:
  default:
    display_title: Máster
    display_options:
      exposed_form:
        options:
          submit_button: Aplicar
          reset_button_label: Restablecer
          exposed_sorts_label: 'Ordenar por'
      arguments:
        order_id:
          exception:
            title: Todo(s)
